// !$*UTF8*$!
{
	archiveVersion = 1;
	classes = {
	};
	objectVersion = 46;
	objects = {

/* Begin PBXBuildFile section */
		A9D52E651F2578FF00CDDABA /* AppDelegate.swift in Sources */ = {isa = PBXBuildFile; fileRef = A9D52E641F2578FF00CDDABA /* AppDelegate.swift */; };
		A9D52E671F2578FF00CDDABA /* ViewController.swift in Sources */ = {isa = PBXBuildFile; fileRef = A9D52E661F2578FF00CDDABA /* ViewController.swift */; };
		A9D52E6A1F2578FF00CDDABA /* Main.storyboard in Resources */ = {isa = PBXBuildFile; fileRef = A9D52E681F2578FF00CDDABA /* Main.storyboard */; };
		A9D52E6C1F2578FF00CDDABA /* Assets.xcassets in Resources */ = {isa = PBXBuildFile; fileRef = A9D52E6B1F2578FF00CDDABA /* Assets.xcassets */; };
		A9D52E6F1F2578FF00CDDABA /* LaunchScreen.storyboard in Resources */ = {isa = PBXBuildFile; fileRef = A9D52E6D1F2578FF00CDDABA /* LaunchScreen.storyboard */; };
		A9D52E7A1F2578FF00CDDABA /* NewNotificationsTests.swift in Sources */ = {isa = PBXBuildFile; fileRef = A9D52E791F2578FF00CDDABA /* NewNotificationsTests.swift */; };
/* End PBXBuildFile section */

/* Begin PBXContainerItemProxy section */
		A9D52E761F2578FF00CDDABA /* PBXContainerItemProxy */ = {
			isa = PBXContainerItemProxy;
			containerPortal = A9D52E591F2578FF00CDDABA /* Project object */;
			proxyType = 1;
			remoteGlobalIDString = A9D52E601F2578FF00CDDABA;
			remoteInfo = NewNotifications;
		};
/* End PBXContainerItemProxy section */

/* Begin PBXFileReference section */
		A9D52E611F2578FF00CDDABA /* NewNotifications.app */ = {isa = PBXFileReference; explicitFileType = wrapper.application; includeInIndex = 0; path = NewNotifications.app; sourceTree = BUILT_PRODUCTS_DIR; };
		A9D52E641F2578FF00CDDABA /* AppDelegate.swift */ = {isa = PBXFileReference; lastKnownFileType = sourcecode.swift; path = AppDelegate.swift; sourceTree = "<group>"; };
		A9D52E661F2578FF00CDDABA /* ViewController.swift */ = {isa = PBXFileReference; lastKnownFileType = sourcecode.swift; path = ViewController.swift; sourceTree = "<group>"; };
		A9D52E691F2578FF00CDDABA /* Base */ = {isa = PBXFileReference; lastKnownFileType = file.storyboard; name = Base; path = Base.lproj/Main.storyboard; sourceTree = "<group>"; };
		A9D52E6B1F2578FF00CDDABA /* Assets.xcassets */ = {isa = PBXFileReference; lastKnownFileType = folder.assetcatalog; path = Assets.xcassets; sourceTree = "<group>"; };
		A9D52E6E1F2578FF00CDDABA /* Base */ = {isa = PBXFileReference; lastKnownFileType = file.storyboard; name = Base; path = Base.lproj/LaunchScreen.storyboard; sourceTree = "<group>"; };
		A9D52E701F2578FF00CDDABA /* Info.plist */ = {isa = PBXFileReference; lastKnownFileType = text.plist.xml; path = Info.plist; sourceTree = "<group>"; };
		A9D52E751F2578FF00CDDABA /* NewNotificationsTests.xctest */ = {isa = PBXFileReference; explicitFileType = wrapper.cfbundle; includeInIndex = 0; path = NewNotificationsTests.xctest; sourceTree = BUILT_PRODUCTS_DIR; };
		A9D52E791F2578FF00CDDABA /* NewNotificationsTests.swift */ = {isa = PBXFileReference; lastKnownFileType = sourcecode.swift; path = NewNotificationsTests.swift; sourceTree = "<group>"; };
		A9D52E7B1F2578FF00CDDABA /* Info.plist */ = {isa = PBXFileReference; lastKnownFileType = text.plist.xml; path = Info.plist; sourceTree = "<group>"; };
/* End PBXFileReference section */

/* Begin PBXFrameworksBuildPhase section */
		A9D52E5E1F2578FF00CDDABA /* Frameworks */ = {
			isa = PBXFrameworksBuildPhase;
			buildActionMask = 2147483647;
			files = (
			);
			runOnlyForDeploymentPostprocessing = 0;
		};
		A9D52E721F2578FF00CDDABA /* Frameworks */ = {
			isa = PBXFrameworksBuildPhase;
			buildActionMask = 2147483647;
			files = (
			);
			runOnlyForDeploymentPostprocessing = 0;
		};
/* End PBXFrameworksBuildPhase section */

/* Begin PBXGroup section */
		A9D52E581F2578FF00CDDABA = {
			isa = PBXGroup;
			children = (
				A9D52E631F2578FF00CDDABA /* NewNotifications */,
				A9D52E781F2578FF00CDDABA /* NewNotificationsTests */,
				A9D52E621F2578FF00CDDABA /* Products */,
			);
			sourceTree = "<group>";
		};
		A9D52E621F2578FF00CDDABA /* Products */ = {
			isa = PBXGroup;
			children = (
				A9D52E611F2578FF00CDDABA /* NewNotifications.app */,
				A9D52E751F2578FF00CDDABA /* NewNotificationsTests.xctest */,
			);
			name = Products;
			sourceTree = "<group>";
		};
		A9D52E631F2578FF00CDDABA /* NewNotifications */ = {
			isa = PBXGroup;
			children = (
				A9D52E641F2578FF00CDDABA /* AppDelegate.swift */,
				A9D52E661F2578FF00CDDABA /* ViewController.swift */,
				A9D52E681F2578FF00CDDABA /* Main.storyboard */,
				A9D52E6B1F2578FF00CDDABA /* Assets.xcassets */,
				A9D52E6D1F2578FF00CDDABA /* LaunchScreen.storyboard */,
				A9D52E701F2578FF00CDDABA /* Info.plist */,
			);
			path = NewNotifications;
			sourceTree = "<group>";
		};
		A9D52E781F2578FF00CDDABA /* NewNotificationsTests */ = {
			isa = PBXGroup;
			children = (
				A9D52E791F2578FF00CDDABA /* NewNotificationsTests.swift */,
				A9D52E7B1F2578FF00CDDABA /* Info.plist */,
			);
			path = NewNotificationsTests;
			sourceTree = "<group>";
		};
/* End PBXGroup section */

/* Begin PBXNativeTarget section */
		A9D52E601F2578FF00CDDABA /* NewNotifications */ = {
			isa = PBXNativeTarget;
			buildConfigurationList = A9D52E7E1F25790000CDDABA /* Build configuration list for PBXNativeTarget "NewNotifications" */;
			buildPhases = (
				A9D52E5D1F2578FF00CDDABA /* Sources */,
				A9D52E5E1F2578FF00CDDABA /* Frameworks */,
				A9D52E5F1F2578FF00CDDABA /* Resources */,
			);
			buildRules = (
			);
			dependencies = (
			);
			name = NewNotifications;
			productName = NewNotifications;
			productReference = A9D52E611F2578FF00CDDABA /* NewNotifications.app */;
			productType = "com.apple.product-type.application";
		};
		A9D52E741F2578FF00CDDABA /* NewNotificationsTests */ = {
			isa = PBXNativeTarget;
			buildConfigurationList = A9D52E811F25790000CDDABA /* Build configuration list for PBXNativeTarget "NewNotificationsTests" */;
			buildPhases = (
				A9D52E711F2578FF00CDDABA /* Sources */,
				A9D52E721F2578FF00CDDABA /* Frameworks */,
				A9D52E731F2578FF00CDDABA /* Resources */,
			);
			buildRules = (
			);
			dependencies = (
				A9D52E771F2578FF00CDDABA /* PBXTargetDependency */,
			);
			name = NewNotificationsTests;
			productName = NewNotificationsTests;
			productReference = A9D52E751F2578FF00CDDABA /* NewNotificationsTests.xctest */;
			productType = "com.apple.product-type.bundle.unit-test";
		};
/* End PBXNativeTarget section */

/* Begin PBXProject section */
		A9D52E591F2578FF00CDDABA /* Project object */ = {
			isa = PBXProject;
			attributes = {
				LastSwiftUpdateCheck = 0830;
				LastUpgradeCheck = 0830;
				ORGANIZATIONNAME = UpliftedStudios;
				TargetAttributes = {
					A9D52E601F2578FF00CDDABA = {
						CreatedOnToolsVersion = 8.3.3;
						ProvisioningStyle = Automatic;
					};
					A9D52E741F2578FF00CDDABA = {
						CreatedOnToolsVersion = 8.3.3;
						ProvisioningStyle = Automatic;
						TestTargetID = A9D52E601F2578FF00CDDABA;
					};
				};
			};
			buildConfigurationList = A9D52E5C1F2578FF00CDDABA /* Build configuration list for PBXProject "NewNotifications" */;
			compatibilityVersion = "Xcode 3.2";
			developmentRegion = English;
			hasScannedForEncodings = 0;
			knownRegions = (
				en,
				Base,
			);
			mainGroup = A9D52E581F2578FF00CDDABA;
			productRefGroup = A9D52E621F2578FF00CDDABA /* Products */;
			projectDirPath = "";
			projectRoot = "";
			targets = (
				A9D52E601F2578FF00CDDABA /* NewNotifications */,
				A9D52E741F2578FF00CDDABA /* NewNotificationsTests */,
			);
		};
/* End PBXProject section */

/* Begin PBXResourcesBuildPhase section */
		A9D52E5F1F2578FF00CDDABA /* Resources */ = {
			isa = PBXResourcesBuildPhase;
			buildActionMask = 2147483647;
			files = (
				A9D52E6F1F2578FF00CDDABA /* LaunchScreen.storyboard in Resources */,
				A9D52E6C1F2578FF00CDDABA /* Assets.xcassets in Resources */,
				A9D52E6A1F2578FF00CDDABA /* Main.storyboard in Resources */,
			);
			runOnlyForDeploymentPostprocessing = 0;
		};
		A9D52E731F2578FF00CDDABA /* Resources */ = {
			isa = PBXResourcesBuildPhase;
			buildActionMask = 2147483647;
			files = (
			);
			runOnlyForDeploymentPostprocessing = 0;
		};
/* End PBXResourcesBuildPhase section */

/* Begin PBXSourcesBuildPhase section */
		A9D52E5D1F2578FF00CDDABA /* Sources */ = {
			isa = PBXSourcesBuildPhase;
			buildActionMask = 2147483647;
			files = (
				A9D52E671F2578FF00CDDABA /* ViewController.swift in Sources */,
				A9D52E651F2578FF00CDDABA /* AppDelegate.swift in Sources */,
			);
			runOnlyForDeploymentPostprocessing = 0;
		};
		A9D52E711F2578FF00CDDABA /* Sources */ = {
			isa = PBXSourcesBuildPhase;
			buildActionMask = 2147483647;
			files = (
				A9D52E7A1F2578FF00CDDABA /* NewNotificationsTests.swift in Sources */,
			);
			runOnlyForDeploymentPostprocessing = 0;
		};
/* End PBXSourcesBuildPhase section */

/* Begin PBXTargetDependency section */
		A9D52E771F2578FF00CDDABA /* PBXTargetDependency */ = {
			isa = PBXTargetDependency;
			target = A9D52E601F2578FF00CDDABA /* NewNotifications */;
			targetProxy = A9D52E761F2578FF00CDDABA /* PBXContainerItemProxy */;
		};
/* End PBXTargetDependency section */

/* Begin PBXVariantGroup section */
		A9D52E681F2578FF00CDDABA /* Main.storyboard */ = {
			isa = PBXVariantGroup;
			children = (
				A9D52E691F2578FF00CDDABA /* Base */,
			);
			name = Main.storyboard;
			sourceTree = "<group>";
		};
		A9D52E6D1F2578FF00CDDABA /* LaunchScreen.storyboard */ = {
			isa = PBXVariantGroup;
			children = (
				A9D52E6E1F2578FF00CDDABA /* Base */,
			);
			name = LaunchScreen.storyboard;
			sourceTree = "<group>";
		};
/* End PBXVariantGroup section */

/* Begin XCBuildConfiguration section */
		A9D52E7C1F2578FF00CDDABA /* Debug */ = {
			isa = XCBuildConfiguration;
			buildSettings = {
				ALWAYS_SEARCH_USER_PATHS = NO;
				CLANG_ANALYZER_NONNULL = YES;
				CLANG_ANALYZER_NUMBER_OBJECT_CONVERSION = YES_AGGRESSIVE;
				CLANG_CXX_LANGUAGE_STANDARD = "gnu++0x";
				CLANG_CXX_LIBRARY = "libc++";
				CLANG_ENABLE_MODULES = YES;
				CLANG_ENABLE_OBJC_ARC = YES;
				CLANG_WARN_BOOL_CONVERSION = YES;
				CLANG_WARN_CONSTANT_CONVERSION = YES;
				CLANG_WARN_DIRECT_OBJC_ISA_USAGE = YES_ERROR;
				CLANG_WARN_DOCUMENTATION_COMMENTS = YES;
				CLANG_WARN_EMPTY_BODY = YES;
				CLANG_WARN_ENUM_CONVERSION = YES;
				CLANG_WARN_INFINITE_RECURSION = YES;
				CLANG_WARN_INT_CONVERSION = YES;
				CLANG_WARN_OBJC_ROOT_CLASS = YES_ERROR;
				CLANG_WARN_SUSPICIOUS_MOVE = YES;
				CLANG_WARN_UNREACHABLE_CODE = YES;
				CLANG_WARN__DUPLICATE_METHOD_MATCH = YES;
				"CODE_SIGN_IDENTITY[sdk=iphoneos*]" = "iPhone Developer";
				COPY_PHASE_STRIP = NO;
				DEBUG_INFORMATION_FORMAT = dwarf;
				ENABLE_STRICT_OBJC_MSGSEND = YES;
				ENABLE_TESTABILITY = YES;
				GCC_C_LANGUAGE_STANDARD = gnu99;
				GCC_DYNAMIC_NO_PIC = NO;
				GCC_NO_COMMON_BLOCKS = YES;
				GCC_OPTIMIZATION_LEVEL = 0;
				GCC_PREPROCESSOR_DEFINITIONS = (
					"DEBUG=1",
					"$(inherited)",
				);
				GCC_WARN_64_TO_32_BIT_CONVERSION = YES;
				GCC_WARN_ABOUT_RETURN_TYPE = YES_ERROR;
				GCC_WARN_UNDECLARED_SELECTOR = YES;
				GCC_WARN_UNINITIALIZED_AUTOS = YES_AGGRESSIVE;
				GCC_WARN_UNUSED_FUNCTION = YES;
				GCC_WARN_UNUSED_VARIABLE = YES;
				IPHONEOS_DEPLOYMENT_TARGET = 10.3;
				MTL_ENABLE_DEBUG_INFO = YES;
				ONLY_ACTIVE_ARCH = YES;
				SDKROOT = iphoneos;
				SWIFT_ACTIVE_COMPILATION_CONDITIONS = DEBUG;
				SWIFT_OPTIMIZATION_LEVEL = "-Onone";
				TARGETED_DEVICE_FAMILY = "1,2";
			};
			name = Debug;
		};
		A9D52E7D1F2578FF00CDDABA /* Release */ = {
			isa = XCBuildConfiguration;
			buildSettings = {
				ALWAYS_SEARCH_USER_PATHS = NO;
				CLANG_ANALYZER_NONNULL = YES;
				CLANG_ANALYZER_NUMBER_OBJECT_CONVERSION = YES_AGGRESSIVE;
				CLANG_CXX_LANGUAGE_STANDARD = "gnu++0x";
				CLANG_CXX_LIBRARY = "libc++";
				CLANG_ENABLE_MODULES = YES;
				CLANG_ENABLE_OBJC_ARC = YES;
				CLANG_WARN_BOOL_CONVERSION = YES;
				CLANG_WARN_CONSTANT_CONVERSION = YES;
				CLANG_WARN_DIRECT_OBJC_ISA_USAGE = YES_ERROR;
				CLANG_WARN_DOCUMENTATION_COMMENTS = YES;
				CLANG_WARN_EMPTY_BODY = YES;
				CLANG_WARN_ENUM_CONVERSION = YES;
				CLANG_WARN_INFINITE_RECURSION = YES;
				CLANG_WARN_INT_CONVERSION = YES;
				CLANG_WARN_OBJC_ROOT_CLASS = YES_ERROR;
				CLANG_WARN_SUSPICIOUS_MOVE = YES;
				CLANG_WARN_UNREACHABLE_CODE = YES;
				CLANG_WARN__DUPLICATE_METHOD_MATCH = YES;
				"CODE_SIGN_IDENTITY[sdk=iphoneos*]" = "iPhone Developer";
				COPY_PHASE_STRIP = NO;
				DEBUG_INFORMATION_FORMAT = "dwarf-with-dsym";
				ENABLE_NS_ASSERTIONS = NO;
				ENABLE_STRICT_OBJC_MSGSEND = YES;
				GCC_C_LANGUAGE_STANDARD = gnu99;
				GCC_NO_COMMON_BLOCKS = YES;
				GCC_WARN_64_TO_32_BIT_CONVERSION = YES;
				GCC_WARN_ABOUT_RETURN_TYPE = YES_ERROR;
				GCC_WARN_UNDECLARED_SELECTOR = YES;
				GCC_WARN_UNINITIALIZED_AUTOS = YES_AGGRESSIVE;
				GCC_WARN_UNUSED_FUNCTION = YES;
				GCC_WARN_UNUSED_VARIABLE = YES;
				IPHONEOS_DEPLOYMENT_TARGET = 10.3;
				MTL_ENABLE_DEBUG_INFO = NO;
				SDKROOT = iphoneos;
				SWIFT_OPTIMIZATION_LEVEL = "-Owholemodule";
				TARGETED_DEVICE_FAMILY = "1,2";
				VALIDATE_PRODUCT = YES;
			};
			name = Release;
		};
		A9D52E7F1F25790000CDDABA /* Debug */ = {
			isa = XCBuildConfiguration;
			buildSettings = {
				ASSETCATALOG_COMPILER_APPICON_NAME = AppIcon;
				INFOPLIST_FILE = NewNotifications/Info.plist;
				LD_RUNPATH_SEARCH_PATHS = "$(inherited) @executable_path/Frameworks";
				PRODUCT_BUNDLE_IDENTIFIER = com.UpliftedStudios.NewNotifications;
				PRODUCT_NAME = "$(TARGET_NAME)";
				SWIFT_VERSION = 3.0;
			};
			name = Debug;
		};
		A9D52E801F25790000CDDABA /* Release */ = {
			isa = XCBuildConfiguration;
			buildSettings = {
				ASSETCATALOG_COMPILER_APPICON_NAME = AppIcon;
				INFOPLIST_FILE = NewNotifications/Info.plist;
				LD_RUNPATH_SEARCH_PATHS = "$(inherited) @executable_path/Frameworks";
				PRODUCT_BUNDLE_IDENTIFIER = com.UpliftedStudios.NewNotifications;
				PRODUCT_NAME = "$(TARGET_NAME)";
				SWIFT_VERSION = 3.0;
			};
			name = Release;
		};
		A9D52E821F25790000CDDABA /* Debug */ = {
			isa = XCBuildConfiguration;
			buildSettings = {
				ALWAYS_EMBED_SWIFT_STANDARD_LIBRARIES = YES;
				BUNDLE_LOADER = "$(TEST_HOST)";
				INFOPLIST_FILE = NewNotificationsTests/Info.plist;
				LD_RUNPATH_SEARCH_PATHS = "$(inherited) @executable_path/Frameworks @loader_path/Frameworks";
				PRODUCT_BUNDLE_IDENTIFIER = com.UpliftedStudios.NewNotificationsTests;
				PRODUCT_NAME = "$(TARGET_NAME)";
				SWIFT_VERSION = 3.0;
				TEST_HOST = "$(BUILT_PRODUCTS_DIR)/NewNotifications.app/NewNotifications";
			};
			name = Debug;
		};
		A9D52E831F25790000CDDABA /* Release */ = {
			isa = XCBuildConfiguration;
			buildSettings = {
				ALWAYS_EMBED_SWIFT_STANDARD_LIBRARIES = YES;
				BUNDLE_LOADER = "$(TEST_HOST)";
				INFOPLIST_FILE = NewNotificationsTests/Info.plist;
				LD_RUNPATH_SEARCH_PATHS = "$(inherited) @executable_path/Frameworks @loader_path/Frameworks";
				PRODUCT_BUNDLE_IDENTIFIER = com.UpliftedStudios.NewNotificationsTests;
				PRODUCT_NAME = "$(TARGET_NAME)";
				SWIFT_VERSION = 3.0;
				TEST_HOST = "$(BUILT_PRODUCTS_DIR)/NewNotifications.app/NewNotifications";
			};
			name = Release;
		};
/* End XCBuildConfiguration section */

/* Begin XCConfigurationList section */
		A9D52E5C1F2578FF00CDDABA /* Build configuration list for PBXProject "NewNotifications" */ = {
			isa = XCConfigurationList;
			buildConfigurations = (
				A9D52E7C1F2578FF00CDDABA /* Debug */,
				A9D52E7D1F2578FF00CDDABA /* Release */,
			);
			defaultConfigurationIsVisible = 0;
			defaultConfigurationName = Release;
		};
		A9D52E7E1F25790000CDDABA /* Build configuration list for PBXNativeTarget "NewNotifications" */ = {
			isa = XCConfigurationList;
			buildConfigurations = (
				A9D52E7F1F25790000CDDABA /* Debug */,
				A9D52E801F25790000CDDABA /* Release */,
			);
			defaultConfigurationIsVisible = 0;
		};
		A9D52E811F25790000CDDABA /* Build configuration list for PBXNativeTarget "NewNotificationsTests" */ = {
			isa = XCConfigurationList;
			buildConfigurations = (
				A9D52E821F25790000CDDABA /* Debug */,
				A9D52E831F25790000CDDABA /* Release */,
			);
			defaultConfigurationIsVisible = 0;
		};
/* End XCConfigurationList section */
	};
	rootObject = A9D52E591F2578FF00CDDABA /* Project object */;
}
